
Microsoft Visual Studio Solution File, Format Version 12.00
# Visual Studio Version 17
VisualStudioVersion = 17.13.35919.96 d17.13
MinimumVisualStudioVersion = 10.0.40219.1
Project("{FAE04EC0-301F-11D3-BF4B-00C04F79EFBC}") = "project0407", "project0407\project0407.csproj", "{947BEEA2-3AE4-4970-ADEC-3A4E576C99CF}"
EndProject
Project("{FAE04EC0-301F-11D3-BF4B-00C04F79EFBC}") = "project04072", "project04072\project04072.csproj", "{FBFB14D4-4CFC-4040-8C8B-980A98D96842}"
EndProject
Global
	GlobalSection(SolutionConfigurationPlatforms) = preSolution
		Debug|Any CPU = Debug|Any CPU
		Release|Any CPU = Release|Any CPU
	EndGlobalSection
	GlobalSection(ProjectConfigurationPlatforms) = postSolution
		{947BEEA2-3AE4-4970-ADEC-3A4E576C99CF}.Debug|Any CPU.ActiveCfg = Debug|Any CPU
		{947BEEA2-3AE4-4970-ADEC-3A4E576C99CF}.Debug|Any CPU.Build.0 = Debug|Any CPU
		{947BEEA2-3AE4-4970-ADEC-3A4E576C99CF}.Release|Any CPU.ActiveCfg = Release|Any CPU
		{947BEEA2-3AE4-4970-ADEC-3A4E576C99CF}.Release|Any CPU.Build.0 = Release|Any CPU
		{FBFB14D4-4CFC-4040-8C8B-980A98D96842}.Debug|Any CPU.ActiveCfg = Debug|Any CPU
		{FBFB14D4-4CFC-4040-8C8B-980A98D96842}.Debug|Any CPU.Build.0 = Debug|Any CPU
		{FBFB14D4-4CFC-4040-8C8B-980A98D96842}.Release|Any CPU.ActiveCfg = Release|Any CPU
		{FBFB14D4-4CFC-4040-8C8B-980A98D96842}.Release|Any CPU.Build.0 = Release|Any CPU
	EndGlobalSection
	GlobalSection(SolutionProperties) = preSolution
		HideSolutionNode = FALSE
	EndGlobalSection
	GlobalSection(ExtensibilityGlobals) = postSolution
		SolutionGuid = {312E1A6B-2D80-4E66-8B65-08C393508F7E}
	EndGlobalSection
EndGlobal
