
Microsoft Visual Studio Solution File, Format Version 12.00
# Visual Studio Version 17
VisualStudioVersion = 17.13.35825.156 d17.13
MinimumVisualStudioVersion = 10.0.40219.1
Project("{FAE04EC0-301F-11D3-BF4B-00C04F79EFBC}") = "project03112", "project03112\project03112.csproj", "{6F2C402A-E989-47C1-966F-EA6373C267B1}"
EndProject
Global
	GlobalSection(SolutionConfigurationPlatforms) = preSolution
		Debug|Any CPU = Debug|Any CPU
		Release|Any CPU = Release|Any CPU
	EndGlobalSection
	GlobalSection(ProjectConfigurationPlatforms) = postSolution
		{6F2C402A-E989-47C1-966F-EA6373C267B1}.Debug|Any CPU.ActiveCfg = Debug|Any CPU
		{6F2C402A-E989-47C1-966F-EA6373C267B1}.Debug|Any CPU.Build.0 = Debug|Any CPU
		{6F2C402A-E989-47C1-966F-EA6373C267B1}.Release|Any CPU.ActiveCfg = Release|Any CPU
		{6F2C402A-E989-47C1-966F-EA6373C267B1}.Release|Any CPU.Build.0 = Release|Any CPU
	EndGlobalSection
	GlobalSection(SolutionProperties) = preSolution
		HideSolutionNode = FALSE
	EndGlobalSection
	GlobalSection(ExtensibilityGlobals) = postSolution
		SolutionGuid = {AC57316A-6835-4F2E-91A6-C87DBA97CEC3}
	EndGlobalSection
EndGlobal
